
Microsoft Visual Studio Solution File, Format Version 12.00
# Visual Studio 2013
VisualStudioVersion = 12.0.30723.0
MinimumVisualStudioVersion = 10.0.40219.1
Project("{FAE04EC0-301F-11D3-BF4B-00C04F79EFBC}") = "DataAcquisition", "DataAcquisition\DataAcquisition.csproj", "{6A6FFCE1-1309-463B-97DF-D9C1B34B3350}"
EndProject
Project("{FAE04EC0-301F-11D3-BF4B-00C04F79EFBC}") = "Common", "Common\Common.csproj", "{9C502C18-703D-4602-ADA3-23CCDD4551EA}"
EndProject
Project("{FAE04EC0-301F-11D3-BF4B-00C04F79EFBC}") = "HotkeyLib", "HotkeyLib\HotkeyLib.csproj", "{09823DA8-C587-4363-95F1-CD99F4D0A678}"
EndProject
Project("{FAE04EC0-301F-11D3-BF4B-00C04F79EFBC}") = "IODriver", "IODriver\IODriver.csproj", "{41953817-84C6-4ED1-9EEF-882CAF87D03D}"
EndProject
Project("{FAE04EC0-301F-11D3-BF4B-00C04F79EFBC}") = "OPCLib", "OPCLib\OPCLib.csproj", "{533B3C7C-4114-4C04-8848-8A81B472DA80}"
EndProject
Global
	GlobalSection(SolutionConfigurationPlatforms) = preSolution
		Debug|Any CPU = Debug|Any CPU
		Debug|Mixed Platforms = Debug|Mixed Platforms
		Debug|x86 = Debug|x86
		Release|Any CPU = Release|Any CPU
		Release|Mixed Platforms = Release|Mixed Platforms
		Release|x86 = Release|x86
	EndGlobalSection
	GlobalSection(ProjectConfigurationPlatforms) = postSolution
		{6A6FFCE1-1309-463B-97DF-D9C1B34B3350}.Debug|Any CPU.ActiveCfg = Debug|x86
		{6A6FFCE1-1309-463B-97DF-D9C1B34B3350}.Debug|Mixed Platforms.ActiveCfg = Debug|x86
		{6A6FFCE1-1309-463B-97DF-D9C1B34B3350}.Debug|Mixed Platforms.Build.0 = Debug|x86
		{6A6FFCE1-1309-463B-97DF-D9C1B34B3350}.Debug|x86.ActiveCfg = Debug|x86
		{6A6FFCE1-1309-463B-97DF-D9C1B34B3350}.Debug|x86.Build.0 = Debug|x86
		{6A6FFCE1-1309-463B-97DF-D9C1B34B3350}.Release|Any CPU.ActiveCfg = Release|x86
		{6A6FFCE1-1309-463B-97DF-D9C1B34B3350}.Release|Mixed Platforms.ActiveCfg = Release|x86
		{6A6FFCE1-1309-463B-97DF-D9C1B34B3350}.Release|Mixed Platforms.Build.0 = Release|x86
		{6A6FFCE1-1309-463B-97DF-D9C1B34B3350}.Release|x86.ActiveCfg = Release|x86
		{6A6FFCE1-1309-463B-97DF-D9C1B34B3350}.Release|x86.Build.0 = Release|x86
		{9C502C18-703D-4602-ADA3-23CCDD4551EA}.Debug|Any CPU.ActiveCfg = Debug|Any CPU
		{9C502C18-703D-4602-ADA3-23CCDD4551EA}.Debug|Any CPU.Build.0 = Debug|Any CPU
		{9C502C18-703D-4602-ADA3-23CCDD4551EA}.Debug|Mixed Platforms.ActiveCfg = Debug|Any CPU
		{9C502C18-703D-4602-ADA3-23CCDD4551EA}.Debug|Mixed Platforms.Build.0 = Debug|Any CPU
		{9C502C18-703D-4602-ADA3-23CCDD4551EA}.Debug|x86.ActiveCfg = Debug|Any CPU
		{9C502C18-703D-4602-ADA3-23CCDD4551EA}.Release|Any CPU.ActiveCfg = Release|Any CPU
		{9C502C18-703D-4602-ADA3-23CCDD4551EA}.Release|Any CPU.Build.0 = Release|Any CPU
		{9C502C18-703D-4602-ADA3-23CCDD4551EA}.Release|Mixed Platforms.ActiveCfg = Release|Any CPU
		{9C502C18-703D-4602-ADA3-23CCDD4551EA}.Release|Mixed Platforms.Build.0 = Release|Any CPU
		{9C502C18-703D-4602-ADA3-23CCDD4551EA}.Release|x86.ActiveCfg = Release|Any CPU
		{09823DA8-C587-4363-95F1-CD99F4D0A678}.Debug|Any CPU.ActiveCfg = Debug|Any CPU
		{09823DA8-C587-4363-95F1-CD99F4D0A678}.Debug|Any CPU.Build.0 = Debug|Any CPU
		{09823DA8-C587-4363-95F1-CD99F4D0A678}.Debug|Mixed Platforms.ActiveCfg = Debug|Any CPU
		{09823DA8-C587-4363-95F1-CD99F4D0A678}.Debug|Mixed Platforms.Build.0 = Debug|Any CPU
		{09823DA8-C587-4363-95F1-CD99F4D0A678}.Debug|x86.ActiveCfg = Debug|Any CPU
		{09823DA8-C587-4363-95F1-CD99F4D0A678}.Release|Any CPU.ActiveCfg = Release|Any CPU
		{09823DA8-C587-4363-95F1-CD99F4D0A678}.Release|Any CPU.Build.0 = Release|Any CPU
		{09823DA8-C587-4363-95F1-CD99F4D0A678}.Release|Mixed Platforms.ActiveCfg = Release|Any CPU
		{09823DA8-C587-4363-95F1-CD99F4D0A678}.Release|Mixed Platforms.Build.0 = Release|Any CPU
		{09823DA8-C587-4363-95F1-CD99F4D0A678}.Release|x86.ActiveCfg = Release|Any CPU
		{41953817-84C6-4ED1-9EEF-882CAF87D03D}.Debug|Any CPU.ActiveCfg = Debug|Any CPU
		{41953817-84C6-4ED1-9EEF-882CAF87D03D}.Debug|Any CPU.Build.0 = Debug|Any CPU
		{41953817-84C6-4ED1-9EEF-882CAF87D03D}.Debug|Mixed Platforms.ActiveCfg = Debug|Any CPU
		{41953817-84C6-4ED1-9EEF-882CAF87D03D}.Debug|Mixed Platforms.Build.0 = Debug|Any CPU
		{41953817-84C6-4ED1-9EEF-882CAF87D03D}.Debug|x86.ActiveCfg = Debug|Any CPU
		{41953817-84C6-4ED1-9EEF-882CAF87D03D}.Release|Any CPU.ActiveCfg = Release|Any CPU
		{41953817-84C6-4ED1-9EEF-882CAF87D03D}.Release|Any CPU.Build.0 = Release|Any CPU
		{41953817-84C6-4ED1-9EEF-882CAF87D03D}.Release|Mixed Platforms.ActiveCfg = Release|Any CPU
		{41953817-84C6-4ED1-9EEF-882CAF87D03D}.Release|Mixed Platforms.Build.0 = Release|Any CPU
		{41953817-84C6-4ED1-9EEF-882CAF87D03D}.Release|x86.ActiveCfg = Release|Any CPU
		{533B3C7C-4114-4C04-8848-8A81B472DA80}.Debug|Any CPU.ActiveCfg = Debug|Any CPU
		{533B3C7C-4114-4C04-8848-8A81B472DA80}.Debug|Any CPU.Build.0 = Debug|Any CPU
		{533B3C7C-4114-4C04-8848-8A81B472DA80}.Debug|Mixed Platforms.ActiveCfg = Debug|Any CPU
		{533B3C7C-4114-4C04-8848-8A81B472DA80}.Debug|Mixed Platforms.Build.0 = Debug|Any CPU
		{533B3C7C-4114-4C04-8848-8A81B472DA80}.Debug|x86.ActiveCfg = Debug|Any CPU
		{533B3C7C-4114-4C04-8848-8A81B472DA80}.Release|Any CPU.ActiveCfg = Release|Any CPU
		{533B3C7C-4114-4C04-8848-8A81B472DA80}.Release|Any CPU.Build.0 = Release|Any CPU
		{533B3C7C-4114-4C04-8848-8A81B472DA80}.Release|Mixed Platforms.ActiveCfg = Release|Any CPU
		{533B3C7C-4114-4C04-8848-8A81B472DA80}.Release|Mixed Platforms.Build.0 = Release|Any CPU
		{533B3C7C-4114-4C04-8848-8A81B472DA80}.Release|x86.ActiveCfg = Release|Any CPU
	EndGlobalSection
	GlobalSection(SolutionProperties) = preSolution
		HideSolutionNode = FALSE
	EndGlobalSection
EndGlobal
